
Microsoft Visual Studio Solution File, Format Version 12.00
# Visual Studio Version 17
VisualStudioVersion = 17.1.32407.343
MinimumVisualStudioVersion = 10.0.40219.1
Project("{FAE04EC0-301F-11D3-BF4B-00C04F79EFBC}") = "Hong_Solution", "Hong_Solution\Hong_Solution.csproj", "{76A0305B-E7E5-4B7E-80CC-1436D0FDB3D7}"
EndProject
Global
	GlobalSection(SolutionConfigurationPlatforms) = preSolution
		Debug|Any CPU = Debug|Any CPU
		Release|Any CPU = Release|Any CPU
	EndGlobalSection
	GlobalSection(ProjectConfigurationPlatforms) = postSolution
		{76A0305B-E7E5-4B7E-80CC-1436D0FDB3D7}.Debug|Any CPU.ActiveCfg = Debug|Any CPU
		{76A0305B-E7E5-4B7E-80CC-1436D0FDB3D7}.Debug|Any CPU.Build.0 = Debug|Any CPU
		{76A0305B-E7E5-4B7E-80CC-1436D0FDB3D7}.Release|Any CPU.ActiveCfg = Release|Any CPU
		{76A0305B-E7E5-4B7E-80CC-1436D0FDB3D7}.Release|Any CPU.Build.0 = Release|Any CPU
	EndGlobalSection
	GlobalSection(SolutionProperties) = preSolution
		HideSolutionNode = FALSE
	EndGlobalSection
	GlobalSection(ExtensibilityGlobals) = postSolution
		SolutionGuid = {472F86F4-DB1A-488E-B38A-3477AF1E7E4A}
	EndGlobalSection
EndGlobal
